
Microsoft Visual Studio Solution File, Format Version 12.00
# Visual Studio Version 16
VisualStudioVersion = 16.0.30011.22
MinimumVisualStudioVersion = 10.0.40219.1
Project("{FAE04EC0-301F-11D3-BF4B-00C04F79EFBC}") = "Responsi_pemrograman_2687", "Responsi_pemrograman_2687\Responsi_pemrograman_2687.csproj", "{CC402812-99AC-4028-ABFB-F1757BE428D9}"
EndProject
Global
	GlobalSection(SolutionConfigurationPlatforms) = preSolution
		Debug|Any CPU = Debug|Any CPU
		Release|Any CPU = Release|Any CPU
	EndGlobalSection
	GlobalSection(ProjectConfigurationPlatforms) = postSolution
		{CC402812-99AC-4028-ABFB-F1757BE428D9}.Debug|Any CPU.ActiveCfg = Debug|Any CPU
		{CC402812-99AC-4028-ABFB-F1757BE428D9}.Debug|Any CPU.Build.0 = Debug|Any CPU
		{CC402812-99AC-4028-ABFB-F1757BE428D9}.Release|Any CPU.ActiveCfg = Release|Any CPU
		{CC402812-99AC-4028-ABFB-F1757BE428D9}.Release|Any CPU.Build.0 = Release|Any CPU
	EndGlobalSection
	GlobalSection(SolutionProperties) = preSolution
		HideSolutionNode = FALSE
	EndGlobalSection
	GlobalSection(ExtensibilityGlobals) = postSolution
		SolutionGuid = {9B9F0C9F-5B22-41CF-B201-3C21823BF060}
	EndGlobalSection
EndGlobal
